
Microsoft Visual Studio Solution File, Format Version 12.00
# Visual Studio Version 17
VisualStudioVersion = 17.11.35327.3
MinimumVisualStudioVersion = 10.0.40219.1
Project("{FAE04EC0-301F-11D3-BF4B-00C04F79EFBC}") = "G-Net-34-EF02", "G-Net-34-EF02\G-Net-34-EF02.csproj", "{4F51F84A-AC18-4177-A641-BB19E26E4853}"
EndProject
Global
	GlobalSection(SolutionConfigurationPlatforms) = preSolution
		Debug|Any CPU = Debug|Any CPU
		Release|Any CPU = Release|Any CPU
	EndGlobalSection
	GlobalSection(ProjectConfigurationPlatforms) = postSolution
		{4F51F84A-AC18-4177-A641-BB19E26E4853}.Debug|Any CPU.ActiveCfg = Debug|Any CPU
		{4F51F84A-AC18-4177-A641-BB19E26E4853}.Debug|Any CPU.Build.0 = Debug|Any CPU
		{4F51F84A-AC18-4177-A641-BB19E26E4853}.Release|Any CPU.ActiveCfg = Release|Any CPU
		{4F51F84A-AC18-4177-A641-BB19E26E4853}.Release|Any CPU.Build.0 = Release|Any CPU
	EndGlobalSection
	GlobalSection(SolutionProperties) = preSolution
		HideSolutionNode = FALSE
	EndGlobalSection
	GlobalSection(ExtensibilityGlobals) = postSolution
		SolutionGuid = {6B14D054-847E-4F12-A655-50E9B4674DE2}
	EndGlobalSection
EndGlobal
